
Microsoft Visual Studio Solution File, Format Version 12.00
# Visual Studio Version 17
VisualStudioVersion = 17.13.35806.99 d17.13
MinimumVisualStudioVersion = 10.0.40219.1
Project("{FAE04EC0-301F-11D3-BF4B-00C04F79EFBC}") = "UtilityBot", "UtilityBot.csproj", "{2B2B3E35-A801-46D0-A83A-CB047A5F121C}"
EndProject
Global
	GlobalSection(SolutionConfigurationPlatforms) = preSolution
		Debug|Any CPU = Debug|Any CPU
		Release|Any CPU = Release|Any CPU
	EndGlobalSection
	GlobalSection(ProjectConfigurationPlatforms) = postSolution
		{2B2B3E35-A801-46D0-A83A-CB047A5F121C}.Debug|Any CPU.ActiveCfg = Debug|Any CPU
		{2B2B3E35-A801-46D0-A83A-CB047A5F121C}.Debug|Any CPU.Build.0 = Debug|Any CPU
		{2B2B3E35-A801-46D0-A83A-CB047A5F121C}.Release|Any CPU.ActiveCfg = Release|Any CPU
		{2B2B3E35-A801-46D0-A83A-CB047A5F121C}.Release|Any CPU.Build.0 = Release|Any CPU
	EndGlobalSection
	GlobalSection(SolutionProperties) = preSolution
		HideSolutionNode = FALSE
	EndGlobalSection
	GlobalSection(ExtensibilityGlobals) = postSolution
		SolutionGuid = {640B04E1-83C4-4150-BFA3-08BDFB579E17}
	EndGlobalSection
EndGlobal
